
Microsoft Visual Studio Solution File, Format Version 12.00
Project("{FAE04EC0-301F-11D3-BF4B-00C04F79EFBC}") = "FitFind", "FitFind\FitFind.csproj", "{E0781DA6-68D8-468B-90D6-32FE0A3EC34E}"
EndProject
Project("{FAE04EC0-301F-11D3-BF4B-00C04F79EFBC}") = "FitFindTest", "FitFindTest\FitFindTest.csproj", "{B5FA6292-6697-4747-847B-45C683C4DF68}"
EndProject
Global
	GlobalSection(SolutionConfigurationPlatforms) = preSolution
		Debug|Any CPU = Debug|Any CPU
		Release|Any CPU = Release|Any CPU
	EndGlobalSection
	GlobalSection(ProjectConfigurationPlatforms) = postSolution
		{E0781DA6-68D8-468B-90D6-32FE0A3EC34E}.Debug|Any CPU.ActiveCfg = Debug|Any CPU
		{E0781DA6-68D8-468B-90D6-32FE0A3EC34E}.Debug|Any CPU.Build.0 = Debug|Any CPU
		{E0781DA6-68D8-468B-90D6-32FE0A3EC34E}.Release|Any CPU.ActiveCfg = Release|Any CPU
		{E0781DA6-68D8-468B-90D6-32FE0A3EC34E}.Release|Any CPU.Build.0 = Release|Any CPU
		{B5FA6292-6697-4747-847B-45C683C4DF68}.Debug|Any CPU.ActiveCfg = Debug|Any CPU
		{B5FA6292-6697-4747-847B-45C683C4DF68}.Debug|Any CPU.Build.0 = Debug|Any CPU
		{B5FA6292-6697-4747-847B-45C683C4DF68}.Release|Any CPU.ActiveCfg = Release|Any CPU
		{B5FA6292-6697-4747-847B-45C683C4DF68}.Release|Any CPU.Build.0 = Release|Any CPU
	EndGlobalSection
EndGlobal
